# This file was autogenerated by Stack.
# You should not edit this file by hand.
# For more information, please see the documentation at:
#   https://docs.haskellstack.org/en/stable/lock_files

packages: []
snapshots:
- completed:
    sha256: b77e2c2b7988ed34cd317c01eb1958a8b8c234c3cc17e44077616c212959bed0
    size: 558756
    url: https://raw.githubusercontent.com/commercialhaskell/stackage-snapshots/master/nightly/2022/12/9.yaml
  original: nightly-2022-12-09
